// !$*UTF8*$!
{
	archiveVersion = 1;
	classes = {
	};
	objectVersion = 46;
	objects = {

/* Begin PBXBuildFile section */
		DC60138E1B948B0D00F2C665 /* main.mm in Sources */ = {isa = PBXBuildFile; fileRef = DC60138D1B948B0D00F2C665 /* main.mm */; };
		DC6013961B948BCC00F2C665 /* libluajit.dylib in Frameworks */ = {isa = PBXBuildFile; fileRef = DC6013951B948BCC00F2C665 /* libluajit.dylib */; };
		DC6013C91B948C8E00F2C665 /* libopencv_calib3d.3.0.0.dylib in Frameworks */ = {isa = PBXBuildFile; fileRef = DC6013971B948C8E00F2C665 /* libopencv_calib3d.3.0.0.dylib */; };
		DC6013CA1B948C8E00F2C665 /* libopencv_calib3d.3.0.0.dylib in Frameworks */ = {isa = PBXBuildFile; fileRef = DC6013981B948C8E00F2C665 /* libopencv_calib3d.3.0.0.dylib */; };
		DC6013CB1B948C8E00F2C665 /* libopencv_calib3d.3.0.0.dylib in Frameworks */ = {isa = PBXBuildFile; fileRef = DC6013991B948C8E00F2C665 /* libopencv_calib3d.3.0.0.dylib */; };
		DC6013CC1B948C8E00F2C665 /* libopencv_core.3.0.0.dylib in Frameworks */ = {isa = PBXBuildFile; fileRef = DC60139A1B948C8E00F2C665 /* libopencv_core.3.0.0.dylib */; };
		DC6013CD1B948C8E00F2C665 /* libopencv_core.3.0.0.dylib in Frameworks */ = {isa = PBXBuildFile; fileRef = DC60139B1B948C8E00F2C665 /* libopencv_core.3.0.0.dylib */; };
		DC6013CE1B948C8E00F2C665 /* libopencv_core.3.0.0.dylib in Frameworks */ = {isa = PBXBuildFile; fileRef = DC60139C1B948C8E00F2C665 /* libopencv_core.3.0.0.dylib */; };
		DC6013CF1B948C8E00F2C665 /* libopencv_features2d.3.0.0.dylib in Frameworks */ = {isa = PBXBuildFile; fileRef = DC60139D1B948C8E00F2C665 /* libopencv_features2d.3.0.0.dylib */; };
		DC6013D01B948C8E00F2C665 /* libopencv_features2d.3.0.0.dylib in Frameworks */ = {isa = PBXBuildFile; fileRef = DC60139E1B948C8E00F2C665 /* libopencv_features2d.3.0.0.dylib */; };
		DC6013D11B948C8E00F2C665 /* libopencv_features2d.3.0.0.dylib in Frameworks */ = {isa = PBXBuildFile; fileRef = DC60139F1B948C8E00F2C665 /* libopencv_features2d.3.0.0.dylib */; };
		DC6013D21B948C8E00F2C665 /* libopencv_flann.3.0.0.dylib in Frameworks */ = {isa = PBXBuildFile; fileRef = DC6013A01B948C8E00F2C665 /* libopencv_flann.3.0.0.dylib */; };
		DC6013D31B948C8E00F2C665 /* libopencv_flann.3.0.0.dylib in Frameworks */ = {isa = PBXBuildFile; fileRef = DC6013A11B948C8E00F2C665 /* libopencv_flann.3.0.0.dylib */; };
		DC6013D41B948C8E00F2C665 /* libopencv_flann.3.0.0.dylib in Frameworks */ = {isa = PBXBuildFile; fileRef = DC6013A21B948C8E00F2C665 /* libopencv_flann.3.0.0.dylib */; };
		DC6013D51B948C8E00F2C665 /* libopencv_hal.a in Frameworks */ = {isa = PBXBuildFile; fileRef = DC6013A31B948C8E00F2C665 /* libopencv_hal.a */; };
		DC6013D61B948C8E00F2C665 /* libopencv_highgui.3.0.0.dylib in Frameworks */ = {isa = PBXBuildFile; fileRef = DC6013A41B948C8E00F2C665 /* libopencv_highgui.3.0.0.dylib */; };
		DC6013D71B948C8E00F2C665 /* libopencv_highgui.3.0.0.dylib in Frameworks */ = {isa = PBXBuildFile; fileRef = DC6013A51B948C8E00F2C665 /* libopencv_highgui.3.0.0.dylib */; };
		DC6013D81B948C8E00F2C665 /* libopencv_highgui.3.0.0.dylib in Frameworks */ = {isa = PBXBuildFile; fileRef = DC6013A61B948C8E00F2C665 /* libopencv_highgui.3.0.0.dylib */; };
		DC6013D91B948C8E00F2C665 /* libopencv_imgcodecs.3.0.0.dylib in Frameworks */ = {isa = PBXBuildFile; fileRef = DC6013A71B948C8E00F2C665 /* libopencv_imgcodecs.3.0.0.dylib */; };
		DC6013DA1B948C8E00F2C665 /* libopencv_imgcodecs.3.0.0.dylib in Frameworks */ = {isa = PBXBuildFile; fileRef = DC6013A81B948C8E00F2C665 /* libopencv_imgcodecs.3.0.0.dylib */; };
		DC6013DB1B948C8E00F2C665 /* libopencv_imgcodecs.3.0.0.dylib in Frameworks */ = {isa = PBXBuildFile; fileRef = DC6013A91B948C8E00F2C665 /* libopencv_imgcodecs.3.0.0.dylib */; };
		DC6013DC1B948C8E00F2C665 /* libopencv_imgproc.3.0.0.dylib in Frameworks */ = {isa = PBXBuildFile; fileRef = DC6013AA1B948C8E00F2C665 /* libopencv_imgproc.3.0.0.dylib */; };
		DC6013DD1B948C8E00F2C665 /* libopencv_imgproc.3.0.0.dylib in Frameworks */ = {isa = PBXBuildFile; fileRef = DC6013AB1B948C8E00F2C665 /* libopencv_imgproc.3.0.0.dylib */; };
		DC6013DE1B948C8E00F2C665 /* libopencv_imgproc.3.0.0.dylib in Frameworks */ = {isa = PBXBuildFile; fileRef = DC6013AC1B948C8E00F2C665 /* libopencv_imgproc.3.0.0.dylib */; };
		DC6013DF1B948C8E00F2C665 /* libopencv_ml.3.0.0.dylib in Frameworks */ = {isa = PBXBuildFile; fileRef = DC6013AD1B948C8E00F2C665 /* libopencv_ml.3.0.0.dylib */; };
		DC6013E01B948C8E00F2C665 /* libopencv_ml.3.0.0.dylib in Frameworks */ = {isa = PBXBuildFile; fileRef = DC6013AE1B948C8E00F2C665 /* libopencv_ml.3.0.0.dylib */; };
		DC6013E11B948C8E00F2C665 /* libopencv_ml.3.0.0.dylib in Frameworks */ = {isa = PBXBuildFile; fileRef = DC6013AF1B948C8E00F2C665 /* libopencv_ml.3.0.0.dylib */; };
		DC6013E21B948C8E00F2C665 /* libopencv_objdetect.3.0.0.dylib in Frameworks */ = {isa = PBXBuildFile; fileRef = DC6013B01B948C8E00F2C665 /* libopencv_objdetect.3.0.0.dylib */; };
		DC6013E31B948C8E00F2C665 /* libopencv_objdetect.3.0.0.dylib in Frameworks */ = {isa = PBXBuildFile; fileRef = DC6013B11B948C8E00F2C665 /* libopencv_objdetect.3.0.0.dylib */; };
		DC6013E41B948C8E00F2C665 /* libopencv_objdetect.3.0.0.dylib in Frameworks */ = {isa = PBXBuildFile; fileRef = DC6013B21B948C8E00F2C665 /* libopencv_objdetect.3.0.0.dylib */; };
		DC6013E51B948C8E00F2C665 /* libopencv_photo.3.0.0.dylib in Frameworks */ = {isa = PBXBuildFile; fileRef = DC6013B31B948C8E00F2C665 /* libopencv_photo.3.0.0.dylib */; };
		DC6013E61B948C8E00F2C665 /* libopencv_photo.3.0.0.dylib in Frameworks */ = {isa = PBXBuildFile; fileRef = DC6013B41B948C8E00F2C665 /* libopencv_photo.3.0.0.dylib */; };
		DC6013E71B948C8E00F2C665 /* libopencv_photo.3.0.0.dylib in Frameworks */ = {isa = PBXBuildFile; fileRef = DC6013B51B948C8E00F2C665 /* libopencv_photo.3.0.0.dylib */; };
		DC6013E81B948C8E00F2C665 /* libopencv_shape.3.0.0.dylib in Frameworks */ = {isa = PBXBuildFile; fileRef = DC6013B61B948C8E00F2C665 /* libopencv_shape.3.0.0.dylib */; };
		DC6013E91B948C8E00F2C665 /* libopencv_shape.3.0.0.dylib in Frameworks */ = {isa = PBXBuildFile; fileRef = DC6013B71B948C8E00F2C665 /* libopencv_shape.3.0.0.dylib */; };
		DC6013EA1B948C8E00F2C665 /* libopencv_shape.3.0.0.dylib in Frameworks */ = {isa = PBXBuildFile; fileRef = DC6013B81B948C8E00F2C665 /* libopencv_shape.3.0.0.dylib */; };
		DC6013EB1B948C8E00F2C665 /* libopencv_stitching.3.0.0.dylib in Frameworks */ = {isa = PBXBuildFile; fileRef = DC6013B91B948C8E00F2C665 /* libopencv_stitching.3.0.0.dylib */; };
		DC6013EC1B948C8E00F2C665 /* libopencv_stitching.3.0.0.dylib in Frameworks */ = {isa = PBXBuildFile; fileRef = DC6013BA1B948C8E00F2C665 /* libopencv_stitching.3.0.0.dylib */; };
		DC6013ED1B948C8E00F2C665 /* libopencv_stitching.3.0.0.dylib in Frameworks */ = {isa = PBXBuildFile; fileRef = DC6013BB1B948C8E00F2C665 /* libopencv_stitching.3.0.0.dylib */; };
		DC6013EE1B948C8E00F2C665 /* libopencv_superres.3.0.0.dylib in Frameworks */ = {isa = PBXBuildFile; fileRef = DC6013BC1B948C8E00F2C665 /* libopencv_superres.3.0.0.dylib */; };
		DC6013EF1B948C8E00F2C665 /* libopencv_superres.3.0.0.dylib in Frameworks */ = {isa = PBXBuildFile; fileRef = DC6013BD1B948C8E00F2C665 /* libopencv_superres.3.0.0.dylib */; };
		DC6013F01B948C8E00F2C665 /* libopencv_superres.3.0.0.dylib in Frameworks */ = {isa = PBXBuildFile; fileRef = DC6013BE1B948C8E00F2C665 /* libopencv_superres.3.0.0.dylib */; };
		DC6013F11B948C8E00F2C665 /* libopencv_ts.a in Frameworks */ = {isa = PBXBuildFile; fileRef = DC6013BF1B948C8E00F2C665 /* libopencv_ts.a */; };
		DC6013F21B948C8E00F2C665 /* libopencv_video.3.0.0.dylib in Frameworks */ = {isa = PBXBuildFile; fileRef = DC6013C01B948C8E00F2C665 /* libopencv_video.3.0.0.dylib */; };
		DC6013F31B948C8E00F2C665 /* libopencv_video.3.0.0.dylib in Frameworks */ = {isa = PBXBuildFile; fileRef = DC6013C11B948C8E00F2C665 /* libopencv_video.3.0.0.dylib */; };
		DC6013F41B948C8E00F2C665 /* libopencv_video.3.0.0.dylib in Frameworks */ = {isa = PBXBuildFile; fileRef = DC6013C21B948C8E00F2C665 /* libopencv_video.3.0.0.dylib */; };
		DC6013F51B948C8E00F2C665 /* libopencv_videoio.3.0.0.dylib in Frameworks */ = {isa = PBXBuildFile; fileRef = DC6013C31B948C8E00F2C665 /* libopencv_videoio.3.0.0.dylib */; };
		DC6013F61B948C8E00F2C665 /* libopencv_videoio.3.0.0.dylib in Frameworks */ = {isa = PBXBuildFile; fileRef = DC6013C41B948C8E00F2C665 /* libopencv_videoio.3.0.0.dylib */; };
		DC6013F71B948C8F00F2C665 /* libopencv_videoio.3.0.0.dylib in Frameworks */ = {isa = PBXBuildFile; fileRef = DC6013C51B948C8E00F2C665 /* libopencv_videoio.3.0.0.dylib */; };
		DC6013F81B948C8F00F2C665 /* libopencv_videostab.3.0.0.dylib in Frameworks */ = {isa = PBXBuildFile; fileRef = DC6013C61B948C8E00F2C665 /* libopencv_videostab.3.0.0.dylib */; };
		DC6013F91B948C8F00F2C665 /* libopencv_videostab.3.0.0.dylib in Frameworks */ = {isa = PBXBuildFile; fileRef = DC6013C71B948C8E00F2C665 /* libopencv_videostab.3.0.0.dylib */; };
		DC6013FA1B948C8F00F2C665 /* libopencv_videostab.3.0.0.dylib in Frameworks */ = {isa = PBXBuildFile; fileRef = DC6013C81B948C8E00F2C665 /* libopencv_videostab.3.0.0.dylib */; };
		DC6013FC1B94942500F2C665 /* ApplicationServices.framework in Frameworks */ = {isa = PBXBuildFile; fileRef = DC6013FB1B94942500F2C665 /* ApplicationServices.framework */; };
		DCA815A81B9837580092EAF9 /* Util.cpp in Sources */ = {isa = PBXBuildFile; fileRef = DCA815A61B9837580092EAF9 /* Util.cpp */; };
		DCD74B941B97EF5B0005E13A /* ControlState.cpp in Sources */ = {isa = PBXBuildFile; fileRef = DCD74B921B97EF5B0005E13A /* ControlState.cpp */; };
		DCD74B971B9801A60005E13A /* App.cpp in Sources */ = {isa = PBXBuildFile; fileRef = DCD74B951B9801A60005E13A /* App.cpp */; };
		DCDFDF3E1B9735C100B3FFA5 /* AppKit.framework in Frameworks */ = {isa = PBXBuildFile; fileRef = DCDFDF3D1B9735C100B3FFA5 /* AppKit.framework */; };
/* End PBXBuildFile section */

/* Begin PBXCopyFilesBuildPhase section */
		DC6013881B948B0D00F2C665 /* CopyFiles */ = {
			isa = PBXCopyFilesBuildPhase;
			buildActionMask = 2147483647;
			dstPath = /usr/share/man/man1/;
			dstSubfolderSpec = 0;
			files = (
			);
			runOnlyForDeploymentPostprocessing = 1;
		};
/* End PBXCopyFilesBuildPhase section */

/* Begin PBXFileReference section */
		DC60138A1B948B0D00F2C665 /* testMacOc */ = {isa = PBXFileReference; explicitFileType = "compiled.mach-o.executable"; includeInIndex = 0; path = testMacOc; sourceTree = BUILT_PRODUCTS_DIR; };
		DC60138D1B948B0D00F2C665 /* main.mm */ = {isa = PBXFileReference; lastKnownFileType = sourcecode.cpp.objcpp; path = main.mm; sourceTree = "<group>"; };
		DC6013951B948BCC00F2C665 /* libluajit.dylib */ = {isa = PBXFileReference; lastKnownFileType = "compiled.mach-o.dylib"; name = libluajit.dylib; path = ../../../../workshop/torch/install/lib/libluajit.dylib; sourceTree = "<group>"; };
		DC6013971B948C8E00F2C665 /* libopencv_calib3d.3.0.0.dylib */ = {isa = PBXFileReference; lastKnownFileType = "compiled.mach-o.dylib"; name = libopencv_calib3d.3.0.0.dylib; path = ../../../../../../usr/local/lib/libopencv_calib3d.3.0.0.dylib; sourceTree = "<group>"; };
		DC6013981B948C8E00F2C665 /* libopencv_calib3d.3.0.0.dylib */ = {isa = PBXFileReference; lastKnownFileType = "compiled.mach-o.dylib"; name = libopencv_calib3d.3.0.0.dylib; path = ../../../../../../usr/local/lib/libopencv_calib3d.3.0.0.dylib; sourceTree = "<group>"; };
		DC6013991B948C8E00F2C665 /* libopencv_calib3d.3.0.0.dylib */ = {isa = PBXFileReference; lastKnownFileType = "compiled.mach-o.dylib"; name = libopencv_calib3d.3.0.0.dylib; path = ../../../../../../usr/local/lib/libopencv_calib3d.3.0.0.dylib; sourceTree = "<group>"; };
		DC60139A1B948C8E00F2C665 /* libopencv_core.3.0.0.dylib */ = {isa = PBXFileReference; lastKnownFileType = "compiled.mach-o.dylib"; name = libopencv_core.3.0.0.dylib; path = ../../../../../../usr/local/lib/libopencv_core.3.0.0.dylib; sourceTree = "<group>"; };
		DC60139B1B948C8E00F2C665 /* libopencv_core.3.0.0.dylib */ = {isa = PBXFileReference; lastKnownFileType = "compiled.mach-o.dylib"; name = libopencv_core.3.0.0.dylib; path = ../../../../../../usr/local/lib/libopencv_core.3.0.0.dylib; sourceTree = "<group>"; };
		DC60139C1B948C8E00F2C665 /* libopencv_core.3.0.0.dylib */ = {isa = PBXFileReference; lastKnownFileType = "compiled.mach-o.dylib"; name = libopencv_core.3.0.0.dylib; path = ../../../../../../usr/local/lib/libopencv_core.3.0.0.dylib; sourceTree = "<group>"; };
		DC60139D1B948C8E00F2C665 /* libopencv_features2d.3.0.0.dylib */ = {isa = PBXFileReference; lastKnownFileType = "compiled.mach-o.dylib"; name = libopencv_features2d.3.0.0.dylib; path = ../../../../../../usr/local/lib/libopencv_features2d.3.0.0.dylib; sourceTree = "<group>"; };
		DC60139E1B948C8E00F2C665 /* libopencv_features2d.3.0.0.dylib */ = {isa = PBXFileReference; lastKnownFileType = "compiled.mach-o.dylib"; name = libopencv_features2d.3.0.0.dylib; path = ../../../../../../usr/local/lib/libopencv_features2d.3.0.0.dylib; sourceTree = "<group>"; };
		DC60139F1B948C8E00F2C665 /* libopencv_features2d.3.0.0.dylib */ = {isa = PBXFileReference; lastKnownFileType = "compiled.mach-o.dylib"; name = libopencv_features2d.3.0.0.dylib; path = ../../../../../../usr/local/lib/libopencv_features2d.3.0.0.dylib; sourceTree = "<group>"; };
		DC6013A01B948C8E00F2C665 /* libopencv_flann.3.0.0.dylib */ = {isa = PBXFileReference; lastKnownFileType = "compiled.mach-o.dylib"; name = libopencv_flann.3.0.0.dylib; path = ../../../../../../usr/local/lib/libopencv_flann.3.0.0.dylib; sourceTree = "<group>"; };
		DC6013A11B948C8E00F2C665 /* libopencv_flann.3.0.0.dylib */ = {isa = PBXFileReference; lastKnownFileType = "compiled.mach-o.dylib"; name = libopencv_flann.3.0.0.dylib; path = ../../../../../../usr/local/lib/libopencv_flann.3.0.0.dylib; sourceTree = "<group>"; };
		DC6013A21B948C8E00F2C665 /* libopencv_flann.3.0.0.dylib */ = {isa = PBXFileReference; lastKnownFileType = "compiled.mach-o.dylib"; name = libopencv_flann.3.0.0.dylib; path = ../../../../../../usr/local/lib/libopencv_flann.3.0.0.dylib; sourceTree = "<group>"; };
		DC6013A31B948C8E00F2C665 /* libopencv_hal.a */ = {isa = PBXFileReference; lastKnownFileType = archive.ar; name = libopencv_hal.a; path = ../../../../../../usr/local/lib/libopencv_hal.a; sourceTree = "<group>"; };
		DC6013A41B948C8E00F2C665 /* libopencv_highgui.3.0.0.dylib */ = {isa = PBXFileReference; lastKnownFileType = "compiled.mach-o.dylib"; name = libopencv_highgui.3.0.0.dylib; path = ../../../../../../usr/local/lib/libopencv_highgui.3.0.0.dylib; sourceTree = "<group>"; };
		DC6013A51B948C8E00F2C665 /* libopencv_highgui.3.0.0.dylib */ = {isa = PBXFileReference; lastKnownFileType = "compiled.mach-o.dylib"; name = libopencv_highgui.3.0.0.dylib; path = ../../../../../../usr/local/lib/libopencv_highgui.3.0.0.dylib; sourceTree = "<group>"; };
		DC6013A61B948C8E00F2C665 /* libopencv_highgui.3.0.0.dylib */ = {isa = PBXFileReference; lastKnownFileType = "compiled.mach-o.dylib"; name = libopencv_highgui.3.0.0.dylib; path = ../../../../../../usr/local/lib/libopencv_highgui.3.0.0.dylib; sourceTree = "<group>"; };
		DC6013A71B948C8E00F2C665 /* libopencv_imgcodecs.3.0.0.dylib */ = {isa = PBXFileReference; lastKnownFileType = "compiled.mach-o.dylib"; name = libopencv_imgcodecs.3.0.0.dylib; path = ../../../../../../usr/local/lib/libopencv_imgcodecs.3.0.0.dylib; sourceTree = "<group>"; };
		DC6013A81B948C8E00F2C665 /* libopencv_imgcodecs.3.0.0.dylib */ = {isa = PBXFileReference; lastKnownFileType = "compiled.mach-o.dylib"; name = libopencv_imgcodecs.3.0.0.dylib; path = ../../../../../../usr/local/lib/libopencv_imgcodecs.3.0.0.dylib; sourceTree = "<group>"; };
		DC6013A91B948C8E00F2C665 /* libopencv_imgcodecs.3.0.0.dylib */ = {isa = PBXFileReference; lastKnownFileType = "compiled.mach-o.dylib"; name = libopencv_imgcodecs.3.0.0.dylib; path = ../../../../../../usr/local/lib/libopencv_imgcodecs.3.0.0.dylib; sourceTree = "<group>"; };
		DC6013AA1B948C8E00F2C665 /* libopencv_imgproc.3.0.0.dylib */ = {isa = PBXFileReference; lastKnownFileType = "compiled.mach-o.dylib"; name = libopencv_imgproc.3.0.0.dylib; path = ../../../../../../usr/local/lib/libopencv_imgproc.3.0.0.dylib; sourceTree = "<group>"; };
		DC6013AB1B948C8E00F2C665 /* libopencv_imgproc.3.0.0.dylib */ = {isa = PBXFileReference; lastKnownFileType = "compiled.mach-o.dylib"; name = libopencv_imgproc.3.0.0.dylib; path = ../../../../../../usr/local/lib/libopencv_imgproc.3.0.0.dylib; sourceTree = "<group>"; };
		DC6013AC1B948C8E00F2C665 /* libopencv_imgproc.3.0.0.dylib */ = {isa = PBXFileReference; lastKnownFileType = "compiled.mach-o.dylib"; name = libopencv_imgproc.3.0.0.dylib; path = ../../../../../../usr/local/lib/libopencv_imgproc.3.0.0.dylib; sourceTree = "<group>"; };
		DC6013AD1B948C8E00F2C665 /* libopencv_ml.3.0.0.dylib */ = {isa = PBXFileReference; lastKnownFileType = "compiled.mach-o.dylib"; name = libopencv_ml.3.0.0.dylib; path = ../../../../../../usr/local/lib/libopencv_ml.3.0.0.dylib; sourceTree = "<group>"; };
		DC6013AE1B948C8E00F2C665 /* libopencv_ml.3.0.0.dylib */ = {isa = PBXFileReference; lastKnownFileType = "compiled.mach-o.dylib"; name = libopencv_ml.3.0.0.dylib; path = ../../../../../../usr/local/lib/libopencv_ml.3.0.0.dylib; sourceTree = "<group>"; };
		DC6013AF1B948C8E00F2C665 /* libopencv_ml.3.0.0.dylib */ = {isa = PBXFileReference; lastKnownFileType = "compiled.mach-o.dylib"; name = libopencv_ml.3.0.0.dylib; path = ../../../../../../usr/local/lib/libopencv_ml.3.0.0.dylib; sourceTree = "<group>"; };
		DC6013B01B948C8E00F2C665 /* libopencv_objdetect.3.0.0.dylib */ = {isa = PBXFileReference; lastKnownFileType = "compiled.mach-o.dylib"; name = libopencv_objdetect.3.0.0.dylib; path = ../../../../../../usr/local/lib/libopencv_objdetect.3.0.0.dylib; sourceTree = "<group>"; };
		DC6013B11B948C8E00F2C665 /* libopencv_objdetect.3.0.0.dylib */ = {isa = PBXFileReference; lastKnownFileType = "compiled.mach-o.dylib"; name = libopencv_objdetect.3.0.0.dylib; path = ../../../../../../usr/local/lib/libopencv_objdetect.3.0.0.dylib; sourceTree = "<group>"; };
		DC6013B21B948C8E00F2C665 /* libopencv_objdetect.3.0.0.dylib */ = {isa = PBXFileReference; lastKnownFileType = "compiled.mach-o.dylib"; name = libopencv_objdetect.3.0.0.dylib; path = ../../../../../../usr/local/lib/libopencv_objdetect.3.0.0.dylib; sourceTree = "<group>"; };
		DC6013B31B948C8E00F2C665 /* libopencv_photo.3.0.0.dylib */ = {isa = PBXFileReference; lastKnownFileType = "compiled.mach-o.dylib"; name = libopencv_photo.3.0.0.dylib; path = ../../../../../../usr/local/lib/libopencv_photo.3.0.0.dylib; sourceTree = "<group>"; };
		DC6013B41B948C8E00F2C665 /* libopencv_photo.3.0.0.dylib */ = {isa = PBXFileReference; lastKnownFileType = "compiled.mach-o.dylib"; name = libopencv_photo.3.0.0.dylib; path = ../../../../../../usr/local/lib/libopencv_photo.3.0.0.dylib; sourceTree = "<group>"; };
		DC6013B51B948C8E00F2C665 /* libopencv_photo.3.0.0.dylib */ = {isa = PBXFileReference; lastKnownFileType = "compiled.mach-o.dylib"; name = libopencv_photo.3.0.0.dylib; path = ../../../../../../usr/local/lib/libopencv_photo.3.0.0.dylib; sourceTree = "<group>"; };
		DC6013B61B948C8E00F2C665 /* libopencv_shape.3.0.0.dylib */ = {isa = PBXFileReference; lastKnownFileType = "compiled.mach-o.dylib"; name = libopencv_shape.3.0.0.dylib; path = ../../../../../../usr/local/lib/libopencv_shape.3.0.0.dylib; sourceTree = "<group>"; };
		DC6013B71B948C8E00F2C665 /* libopencv_shape.3.0.0.dylib */ = {isa = PBXFileReference; lastKnownFileType = "compiled.mach-o.dylib"; name = libopencv_shape.3.0.0.dylib; path = ../../../../../../usr/local/lib/libopencv_shape.3.0.0.dylib; sourceTree = "<group>"; };
		DC6013B81B948C8E00F2C665 /* libopencv_shape.3.0.0.dylib */ = {isa = PBXFileReference; lastKnownFileType = "compiled.mach-o.dylib"; name = libopencv_shape.3.0.0.dylib; path = ../../../../../../usr/local/lib/libopencv_shape.3.0.0.dylib; sourceTree = "<group>"; };
		DC6013B91B948C8E00F2C665 /* libopencv_stitching.3.0.0.dylib */ = {isa = PBXFileReference; lastKnownFileType = "compiled.mach-o.dylib"; name = libopencv_stitching.3.0.0.dylib; path = ../../../../../../usr/local/lib/libopencv_stitching.3.0.0.dylib; sourceTree = "<group>"; };
		DC6013BA1B948C8E00F2C665 /* libopencv_stitching.3.0.0.dylib */ = {isa = PBXFileReference; lastKnownFileType = "compiled.mach-o.dylib"; name = libopencv_stitching.3.0.0.dylib; path = ../../../../../../usr/local/lib/libopencv_stitching.3.0.0.dylib; sourceTree = "<group>"; };
		DC6013BB1B948C8E00F2C665 /* libopencv_stitching.3.0.0.dylib */ = {isa = PBXFileReference; lastKnownFileType = "compiled.mach-o.dylib"; name = libopencv_stitching.3.0.0.dylib; path = ../../../../../../usr/local/lib/libopencv_stitching.3.0.0.dylib; sourceTree = "<group>"; };
		DC6013BC1B948C8E00F2C665 /* libopencv_superres.3.0.0.dylib */ = {isa = PBXFileReference; lastKnownFileType = "compiled.mach-o.dylib"; name = libopencv_superres.3.0.0.dylib; path = ../../../../../../usr/local/lib/libopencv_superres.3.0.0.dylib; sourceTree = "<group>"; };
		DC6013BD1B948C8E00F2C665 /* libopencv_superres.3.0.0.dylib */ = {isa = PBXFileReference; lastKnownFileType = "compiled.mach-o.dylib"; name = libopencv_superres.3.0.0.dylib; path = ../../../../../../usr/local/lib/libopencv_superres.3.0.0.dylib; sourceTree = "<group>"; };
		DC6013BE1B948C8E00F2C665 /* libopencv_superres.3.0.0.dylib */ = {isa = PBXFileReference; lastKnownFileType = "compiled.mach-o.dylib"; name = libopencv_superres.3.0.0.dylib; path = ../../../../../../usr/local/lib/libopencv_superres.3.0.0.dylib; sourceTree = "<group>"; };
		DC6013BF1B948C8E00F2C665 /* libopencv_ts.a */ = {isa = PBXFileReference; lastKnownFileType = archive.ar; name = libopencv_ts.a; path = ../../../../../../usr/local/lib/libopencv_ts.a; sourceTree = "<group>"; };
		DC6013C01B948C8E00F2C665 /* libopencv_video.3.0.0.dylib */ = {isa = PBXFileReference; lastKnownFileType = "compiled.mach-o.dylib"; name = libopencv_video.3.0.0.dylib; path = ../../../../../../usr/local/lib/libopencv_video.3.0.0.dylib; sourceTree = "<group>"; };
		DC6013C11B948C8E00F2C665 /* libopencv_video.3.0.0.dylib */ = {isa = PBXFileReference; lastKnownFileType = "compiled.mach-o.dylib"; name = libopencv_video.3.0.0.dylib; path = ../../../../../../usr/local/lib/libopencv_video.3.0.0.dylib; sourceTree = "<group>"; };
		DC6013C21B948C8E00F2C665 /* libopencv_video.3.0.0.dylib */ = {isa = PBXFileReference; lastKnownFileType = "compiled.mach-o.dylib"; name = libopencv_video.3.0.0.dylib; path = ../../../../../../usr/local/lib/libopencv_video.3.0.0.dylib; sourceTree = "<group>"; };
		DC6013C31B948C8E00F2C665 /* libopencv_videoio.3.0.0.dylib */ = {isa = PBXFileReference; lastKnownFileType = "compiled.mach-o.dylib"; name = libopencv_videoio.3.0.0.dylib; path = ../../../../../../usr/local/lib/libopencv_videoio.3.0.0.dylib; sourceTree = "<group>"; };
		DC6013C41B948C8E00F2C665 /* libopencv_videoio.3.0.0.dylib */ = {isa = PBXFileReference; lastKnownFileType = "compiled.mach-o.dylib"; name = libopencv_videoio.3.0.0.dylib; path = ../../../../../../usr/local/lib/libopencv_videoio.3.0.0.dylib; sourceTree = "<group>"; };
		DC6013C51B948C8E00F2C665 /* libopencv_videoio.3.0.0.dylib */ = {isa = PBXFileReference; lastKnownFileType = "compiled.mach-o.dylib"; name = libopencv_videoio.3.0.0.dylib; path = ../../../../../../usr/local/lib/libopencv_videoio.3.0.0.dylib; sourceTree = "<group>"; };
		DC6013C61B948C8E00F2C665 /* libopencv_videostab.3.0.0.dylib */ = {isa = PBXFileReference; lastKnownFileType = "compiled.mach-o.dylib"; name = libopencv_videostab.3.0.0.dylib; path = ../../../../../../usr/local/lib/libopencv_videostab.3.0.0.dylib; sourceTree = "<group>"; };
		DC6013C71B948C8E00F2C665 /* libopencv_videostab.3.0.0.dylib */ = {isa = PBXFileReference; lastKnownFileType = "compiled.mach-o.dylib"; name = libopencv_videostab.3.0.0.dylib; path = ../../../../../../usr/local/lib/libopencv_videostab.3.0.0.dylib; sourceTree = "<group>"; };
		DC6013C81B948C8E00F2C665 /* libopencv_videostab.3.0.0.dylib */ = {isa = PBXFileReference; lastKnownFileType = "compiled.mach-o.dylib"; name = libopencv_videostab.3.0.0.dylib; path = ../../../../../../usr/local/lib/libopencv_videostab.3.0.0.dylib; sourceTree = "<group>"; };
		DC6013FB1B94942500F2C665 /* ApplicationServices.framework */ = {isa = PBXFileReference; lastKnownFileType = wrapper.framework; name = ApplicationServices.framework; path = System/Library/Frameworks/ApplicationServices.framework; sourceTree = SDKROOT; };
		DCA815A61B9837580092EAF9 /* Util.cpp */ = {isa = PBXFileReference; fileEncoding = 4; lastKnownFileType = sourcecode.cpp.cpp; path = Util.cpp; sourceTree = "<group>"; };
		DCA815A71B9837580092EAF9 /* Util.h */ = {isa = PBXFileReference; fileEncoding = 4; lastKnownFileType = sourcecode.c.h; path = Util.h; sourceTree = "<group>"; };
		DCD74B921B97EF5B0005E13A /* ControlState.cpp */ = {isa = PBXFileReference; fileEncoding = 4; lastKnownFileType = sourcecode.cpp.cpp; path = ControlState.cpp; sourceTree = "<group>"; };
		DCD74B931B97EF5B0005E13A /* ControlState.h */ = {isa = PBXFileReference; fileEncoding = 4; lastKnownFileType = sourcecode.c.h; path = ControlState.h; sourceTree = "<group>"; };
		DCD74B951B9801A60005E13A /* App.cpp */ = {isa = PBXFileReference; fileEncoding = 4; lastKnownFileType = sourcecode.cpp.cpp; path = App.cpp; sourceTree = "<group>"; };
		DCD74B961B9801A60005E13A /* App.h */ = {isa = PBXFileReference; fileEncoding = 4; lastKnownFileType = sourcecode.c.h; path = App.h; sourceTree = "<group>"; };
		DCDFDF3D1B9735C100B3FFA5 /* AppKit.framework */ = {isa = PBXFileReference; lastKnownFileType = wrapper.framework; name = AppKit.framework; path = System/Library/Frameworks/AppKit.framework; sourceTree = SDKROOT; };
/* End PBXFileReference section */

/* Begin PBXFrameworksBuildPhase section */
		DC6013871B948B0D00F2C665 /* Frameworks */ = {
			isa = PBXFrameworksBuildPhase;
			buildActionMask = 2147483647;
			files = (
				DCDFDF3E1B9735C100B3FFA5 /* AppKit.framework in Frameworks */,
				DC6013FC1B94942500F2C665 /* ApplicationServices.framework in Frameworks */,
				DC6013D01B948C8E00F2C665 /* libopencv_features2d.3.0.0.dylib in Frameworks */,
				DC6013E81B948C8E00F2C665 /* libopencv_shape.3.0.0.dylib in Frameworks */,
				DC6013EA1B948C8E00F2C665 /* libopencv_shape.3.0.0.dylib in Frameworks */,
				DC6013F61B948C8E00F2C665 /* libopencv_videoio.3.0.0.dylib in Frameworks */,
				DC6013D41B948C8E00F2C665 /* libopencv_flann.3.0.0.dylib in Frameworks */,
				DC6013D71B948C8E00F2C665 /* libopencv_highgui.3.0.0.dylib in Frameworks */,
				DC6013E61B948C8E00F2C665 /* libopencv_photo.3.0.0.dylib in Frameworks */,
				DC6013ED1B948C8E00F2C665 /* libopencv_stitching.3.0.0.dylib in Frameworks */,
				DC6013F81B948C8F00F2C665 /* libopencv_videostab.3.0.0.dylib in Frameworks */,
				DC6013CC1B948C8E00F2C665 /* libopencv_core.3.0.0.dylib in Frameworks */,
				DC6013F21B948C8E00F2C665 /* libopencv_video.3.0.0.dylib in Frameworks */,
				DC6013E71B948C8E00F2C665 /* libopencv_photo.3.0.0.dylib in Frameworks */,
				DC6013CA1B948C8E00F2C665 /* libopencv_calib3d.3.0.0.dylib in Frameworks */,
				DC6013CF1B948C8E00F2C665 /* libopencv_features2d.3.0.0.dylib in Frameworks */,
				DC6013F91B948C8F00F2C665 /* libopencv_videostab.3.0.0.dylib in Frameworks */,
				DC6013D21B948C8E00F2C665 /* libopencv_flann.3.0.0.dylib in Frameworks */,
				DC6013E31B948C8E00F2C665 /* libopencv_objdetect.3.0.0.dylib in Frameworks */,
				DC6013F51B948C8E00F2C665 /* libopencv_videoio.3.0.0.dylib in Frameworks */,
				DC6013FA1B948C8F00F2C665 /* libopencv_videostab.3.0.0.dylib in Frameworks */,
				DC6013961B948BCC00F2C665 /* libluajit.dylib in Frameworks */,
				DC6013DC1B948C8E00F2C665 /* libopencv_imgproc.3.0.0.dylib in Frameworks */,
				DC6013DF1B948C8E00F2C665 /* libopencv_ml.3.0.0.dylib in Frameworks */,
				DC6013D31B948C8E00F2C665 /* libopencv_flann.3.0.0.dylib in Frameworks */,
				DC6013F41B948C8E00F2C665 /* libopencv_video.3.0.0.dylib in Frameworks */,
				DC6013F31B948C8E00F2C665 /* libopencv_video.3.0.0.dylib in Frameworks */,
				DC6013E41B948C8E00F2C665 /* libopencv_objdetect.3.0.0.dylib in Frameworks */,
				DC6013E11B948C8E00F2C665 /* libopencv_ml.3.0.0.dylib in Frameworks */,
				DC6013CE1B948C8E00F2C665 /* libopencv_core.3.0.0.dylib in Frameworks */,
				DC6013D61B948C8E00F2C665 /* libopencv_highgui.3.0.0.dylib in Frameworks */,
				DC6013EC1B948C8E00F2C665 /* libopencv_stitching.3.0.0.dylib in Frameworks */,
				DC6013C91B948C8E00F2C665 /* libopencv_calib3d.3.0.0.dylib in Frameworks */,
				DC6013F71B948C8F00F2C665 /* libopencv_videoio.3.0.0.dylib in Frameworks */,
				DC6013EF1B948C8E00F2C665 /* libopencv_superres.3.0.0.dylib in Frameworks */,
				DC6013DA1B948C8E00F2C665 /* libopencv_imgcodecs.3.0.0.dylib in Frameworks */,
				DC6013DD1B948C8E00F2C665 /* libopencv_imgproc.3.0.0.dylib in Frameworks */,
				DC6013D51B948C8E00F2C665 /* libopencv_hal.a in Frameworks */,
				DC6013EB1B948C8E00F2C665 /* libopencv_stitching.3.0.0.dylib in Frameworks */,
				DC6013CB1B948C8E00F2C665 /* libopencv_calib3d.3.0.0.dylib in Frameworks */,
				DC6013D11B948C8E00F2C665 /* libopencv_features2d.3.0.0.dylib in Frameworks */,
				DC6013DE1B948C8E00F2C665 /* libopencv_imgproc.3.0.0.dylib in Frameworks */,
				DC6013EE1B948C8E00F2C665 /* libopencv_superres.3.0.0.dylib in Frameworks */,
				DC6013F01B948C8E00F2C665 /* libopencv_superres.3.0.0.dylib in Frameworks */,
				DC6013D81B948C8E00F2C665 /* libopencv_highgui.3.0.0.dylib in Frameworks */,
				DC6013E21B948C8E00F2C665 /* libopencv_objdetect.3.0.0.dylib in Frameworks */,
				DC6013DB1B948C8E00F2C665 /* libopencv_imgcodecs.3.0.0.dylib in Frameworks */,
				DC6013CD1B948C8E00F2C665 /* libopencv_core.3.0.0.dylib in Frameworks */,
				DC6013E01B948C8E00F2C665 /* libopencv_ml.3.0.0.dylib in Frameworks */,
				DC6013D91B948C8E00F2C665 /* libopencv_imgcodecs.3.0.0.dylib in Frameworks */,
				DC6013E91B948C8E00F2C665 /* libopencv_shape.3.0.0.dylib in Frameworks */,
				DC6013E51B948C8E00F2C665 /* libopencv_photo.3.0.0.dylib in Frameworks */,
				DC6013F11B948C8E00F2C665 /* libopencv_ts.a in Frameworks */,
			);
			runOnlyForDeploymentPostprocessing = 0;
		};
/* End PBXFrameworksBuildPhase section */

/* Begin PBXGroup section */
		DC6013811B948B0D00F2C665 = {
			isa = PBXGroup;
			children = (
				DCDFDF3D1B9735C100B3FFA5 /* AppKit.framework */,
				DC6013FB1B94942500F2C665 /* ApplicationServices.framework */,
				DC60138C1B948B0D00F2C665 /* testMacOc */,
				DC60138B1B948B0D00F2C665 /* Products */,
			);
			sourceTree = "<group>";
		};
		DC60138B1B948B0D00F2C665 /* Products */ = {
			isa = PBXGroup;
			children = (
				DC60138A1B948B0D00F2C665 /* testMacOc */,
			);
			name = Products;
			sourceTree = "<group>";
		};
		DC60138C1B948B0D00F2C665 /* testMacOc */ = {
			isa = PBXGroup;
			children = (
				DC6013941B948BAA00F2C665 /* libs */,
				DC60138D1B948B0D00F2C665 /* main.mm */,
				DCD74B921B97EF5B0005E13A /* ControlState.cpp */,
				DCD74B931B97EF5B0005E13A /* ControlState.h */,
				DCD74B951B9801A60005E13A /* App.cpp */,
				DCD74B961B9801A60005E13A /* App.h */,
				DCA815A61B9837580092EAF9 /* Util.cpp */,
				DCA815A71B9837580092EAF9 /* Util.h */,
			);
			path = testMacOc;
			sourceTree = "<group>";
		};
		DC6013941B948BAA00F2C665 /* libs */ = {
			isa = PBXGroup;
			children = (
				DC6013971B948C8E00F2C665 /* libopencv_calib3d.3.0.0.dylib */,
				DC6013981B948C8E00F2C665 /* libopencv_calib3d.3.0.0.dylib */,
				DC6013991B948C8E00F2C665 /* libopencv_calib3d.3.0.0.dylib */,
				DC60139A1B948C8E00F2C665 /* libopencv_core.3.0.0.dylib */,
				DC60139B1B948C8E00F2C665 /* libopencv_core.3.0.0.dylib */,
				DC60139C1B948C8E00F2C665 /* libopencv_core.3.0.0.dylib */,
				DC60139D1B948C8E00F2C665 /* libopencv_features2d.3.0.0.dylib */,
				DC60139E1B948C8E00F2C665 /* libopencv_features2d.3.0.0.dylib */,
				DC60139F1B948C8E00F2C665 /* libopencv_features2d.3.0.0.dylib */,
				DC6013A01B948C8E00F2C665 /* libopencv_flann.3.0.0.dylib */,
				DC6013A11B948C8E00F2C665 /* libopencv_flann.3.0.0.dylib */,
				DC6013A21B948C8E00F2C665 /* libopencv_flann.3.0.0.dylib */,
				DC6013A31B948C8E00F2C665 /* libopencv_hal.a */,
				DC6013A41B948C8E00F2C665 /* libopencv_highgui.3.0.0.dylib */,
				DC6013A51B948C8E00F2C665 /* libopencv_highgui.3.0.0.dylib */,
				DC6013A61B948C8E00F2C665 /* libopencv_highgui.3.0.0.dylib */,
				DC6013A71B948C8E00F2C665 /* libopencv_imgcodecs.3.0.0.dylib */,
				DC6013A81B948C8E00F2C665 /* libopencv_imgcodecs.3.0.0.dylib */,
				DC6013A91B948C8E00F2C665 /* libopencv_imgcodecs.3.0.0.dylib */,
				DC6013AA1B948C8E00F2C665 /* libopencv_imgproc.3.0.0.dylib */,
				DC6013AB1B948C8E00F2C665 /* libopencv_imgproc.3.0.0.dylib */,
				DC6013AC1B948C8E00F2C665 /* libopencv_imgproc.3.0.0.dylib */,
				DC6013AD1B948C8E00F2C665 /* libopencv_ml.3.0.0.dylib */,
				DC6013AE1B948C8E00F2C665 /* libopencv_ml.3.0.0.dylib */,
				DC6013AF1B948C8E00F2C665 /* libopencv_ml.3.0.0.dylib */,
				DC6013B01B948C8E00F2C665 /* libopencv_objdetect.3.0.0.dylib */,
				DC6013B11B948C8E00F2C665 /* libopencv_objdetect.3.0.0.dylib */,
				DC6013B21B948C8E00F2C665 /* libopencv_objdetect.3.0.0.dylib */,
				DC6013B31B948C8E00F2C665 /* libopencv_photo.3.0.0.dylib */,
				DC6013B41B948C8E00F2C665 /* libopencv_photo.3.0.0.dylib */,
				DC6013B51B948C8E00F2C665 /* libopencv_photo.3.0.0.dylib */,
				DC6013B61B948C8E00F2C665 /* libopencv_shape.3.0.0.dylib */,
				DC6013B71B948C8E00F2C665 /* libopencv_shape.3.0.0.dylib */,
				DC6013B81B948C8E00F2C665 /* libopencv_shape.3.0.0.dylib */,
				DC6013B91B948C8E00F2C665 /* libopencv_stitching.3.0.0.dylib */,
				DC6013BA1B948C8E00F2C665 /* libopencv_stitching.3.0.0.dylib */,
				DC6013BB1B948C8E00F2C665 /* libopencv_stitching.3.0.0.dylib */,
				DC6013BC1B948C8E00F2C665 /* libopencv_superres.3.0.0.dylib */,
				DC6013BD1B948C8E00F2C665 /* libopencv_superres.3.0.0.dylib */,
				DC6013BE1B948C8E00F2C665 /* libopencv_superres.3.0.0.dylib */,
				DC6013BF1B948C8E00F2C665 /* libopencv_ts.a */,
				DC6013C01B948C8E00F2C665 /* libopencv_video.3.0.0.dylib */,
				DC6013C11B948C8E00F2C665 /* libopencv_video.3.0.0.dylib */,
				DC6013C21B948C8E00F2C665 /* libopencv_video.3.0.0.dylib */,
				DC6013C31B948C8E00F2C665 /* libopencv_videoio.3.0.0.dylib */,
				DC6013C41B948C8E00F2C665 /* libopencv_videoio.3.0.0.dylib */,
				DC6013C51B948C8E00F2C665 /* libopencv_videoio.3.0.0.dylib */,
				DC6013C61B948C8E00F2C665 /* libopencv_videostab.3.0.0.dylib */,
				DC6013C71B948C8E00F2C665 /* libopencv_videostab.3.0.0.dylib */,
				DC6013C81B948C8E00F2C665 /* libopencv_videostab.3.0.0.dylib */,
				DC6013951B948BCC00F2C665 /* libluajit.dylib */,
			);
			name = libs;
			sourceTree = "<group>";
		};
/* End PBXGroup section */

/* Begin PBXNativeTarget section */
		DC6013891B948B0D00F2C665 /* testMacOc */ = {
			isa = PBXNativeTarget;
			buildConfigurationList = DC6013911B948B0D00F2C665 /* Build configuration list for PBXNativeTarget "testMacOc" */;
			buildPhases = (
				DC6013861B948B0D00F2C665 /* Sources */,
				DC6013871B948B0D00F2C665 /* Frameworks */,
				DC6013881B948B0D00F2C665 /* CopyFiles */,
			);
			buildRules = (
			);
			dependencies = (
			);
			name = testMacOc;
			productName = testMacOc;
			productReference = DC60138A1B948B0D00F2C665 /* testMacOc */;
			productType = "com.apple.product-type.tool";
		};
/* End PBXNativeTarget section */

/* Begin PBXProject section */
		DC6013821B948B0D00F2C665 /* Project object */ = {
			isa = PBXProject;
			attributes = {
				LastUpgradeCheck = 0640;
				ORGANIZATIONNAME = "Kingo Wang";
				TargetAttributes = {
					DC6013891B948B0D00F2C665 = {
						CreatedOnToolsVersion = 6.4;
					};
				};
			};
			buildConfigurationList = DC6013851B948B0D00F2C665 /* Build configuration list for PBXProject "testMacOc" */;
			compatibilityVersion = "Xcode 3.2";
			developmentRegion = English;
			hasScannedForEncodings = 0;
			knownRegions = (
				en,
			);
			mainGroup = DC6013811B948B0D00F2C665;
			productRefGroup = DC60138B1B948B0D00F2C665 /* Products */;
			projectDirPath = "";
			projectRoot = "";
			targets = (
				DC6013891B948B0D00F2C665 /* testMacOc */,
			);
		};
/* End PBXProject section */

/* Begin PBXSourcesBuildPhase section */
		DC6013861B948B0D00F2C665 /* Sources */ = {
			isa = PBXSourcesBuildPhase;
			buildActionMask = 2147483647;
			files = (
				DCD74B971B9801A60005E13A /* App.cpp in Sources */,
				DC60138E1B948B0D00F2C665 /* main.mm in Sources */,
				DCD74B941B97EF5B0005E13A /* ControlState.cpp in Sources */,
				DCA815A81B9837580092EAF9 /* Util.cpp in Sources */,
			);
			runOnlyForDeploymentPostprocessing = 0;
		};
/* End PBXSourcesBuildPhase section */

/* Begin XCBuildConfiguration section */
		DC60138F1B948B0D00F2C665 /* Debug */ = {
			isa = XCBuildConfiguration;
			buildSettings = {
				ALWAYS_SEARCH_USER_PATHS = NO;
				CLANG_CXX_LANGUAGE_STANDARD = "gnu++0x";
				CLANG_CXX_LIBRARY = "libc++";
				CLANG_ENABLE_MODULES = YES;
				CLANG_ENABLE_OBJC_ARC = YES;
				CLANG_WARN_BOOL_CONVERSION = YES;
				CLANG_WARN_CONSTANT_CONVERSION = YES;
				CLANG_WARN_DIRECT_OBJC_ISA_USAGE = YES_ERROR;
				CLANG_WARN_EMPTY_BODY = YES;
				CLANG_WARN_ENUM_CONVERSION = YES;
				CLANG_WARN_INT_CONVERSION = YES;
				CLANG_WARN_OBJC_ROOT_CLASS = YES_ERROR;
				CLANG_WARN_UNREACHABLE_CODE = YES;
				CLANG_WARN__DUPLICATE_METHOD_MATCH = YES;
				COPY_PHASE_STRIP = NO;
				DEBUG_INFORMATION_FORMAT = dwarf;
				ENABLE_STRICT_OBJC_MSGSEND = YES;
				GCC_C_LANGUAGE_STANDARD = gnu99;
				GCC_DYNAMIC_NO_PIC = NO;
				GCC_NO_COMMON_BLOCKS = YES;
				GCC_OPTIMIZATION_LEVEL = 0;
				GCC_PREPROCESSOR_DEFINITIONS = (
					"DEBUG=1",
					"$(inherited)",
				);
				GCC_SYMBOLS_PRIVATE_EXTERN = NO;
				GCC_WARN_64_TO_32_BIT_CONVERSION = YES;
				GCC_WARN_ABOUT_RETURN_TYPE = YES_ERROR;
				GCC_WARN_UNDECLARED_SELECTOR = YES;
				GCC_WARN_UNINITIALIZED_AUTOS = YES_AGGRESSIVE;
				GCC_WARN_UNUSED_FUNCTION = YES;
				GCC_WARN_UNUSED_VARIABLE = YES;
				MACOSX_DEPLOYMENT_TARGET = 10.10;
				MTL_ENABLE_DEBUG_INFO = YES;
				ONLY_ACTIVE_ARCH = YES;
				SDKROOT = macosx;
			};
			name = Debug;
		};
		DC6013901B948B0D00F2C665 /* Release */ = {
			isa = XCBuildConfiguration;
			buildSettings = {
				ALWAYS_SEARCH_USER_PATHS = NO;
				CLANG_CXX_LANGUAGE_STANDARD = "gnu++0x";
				CLANG_CXX_LIBRARY = "libc++";
				CLANG_ENABLE_MODULES = YES;
				CLANG_ENABLE_OBJC_ARC = YES;
				CLANG_WARN_BOOL_CONVERSION = YES;
				CLANG_WARN_CONSTANT_CONVERSION = YES;
				CLANG_WARN_DIRECT_OBJC_ISA_USAGE = YES_ERROR;
				CLANG_WARN_EMPTY_BODY = YES;
				CLANG_WARN_ENUM_CONVERSION = YES;
				CLANG_WARN_INT_CONVERSION = YES;
				CLANG_WARN_OBJC_ROOT_CLASS = YES_ERROR;
				CLANG_WARN_UNREACHABLE_CODE = YES;
				CLANG_WARN__DUPLICATE_METHOD_MATCH = YES;
				COPY_PHASE_STRIP = NO;
				DEBUG_INFORMATION_FORMAT = "dwarf-with-dsym";
				ENABLE_NS_ASSERTIONS = NO;
				ENABLE_STRICT_OBJC_MSGSEND = YES;
				GCC_C_LANGUAGE_STANDARD = gnu99;
				GCC_NO_COMMON_BLOCKS = YES;
				GCC_WARN_64_TO_32_BIT_CONVERSION = YES;
				GCC_WARN_ABOUT_RETURN_TYPE = YES_ERROR;
				GCC_WARN_UNDECLARED_SELECTOR = YES;
				GCC_WARN_UNINITIALIZED_AUTOS = YES_AGGRESSIVE;
				GCC_WARN_UNUSED_FUNCTION = YES;
				GCC_WARN_UNUSED_VARIABLE = YES;
				MACOSX_DEPLOYMENT_TARGET = 10.10;
				MTL_ENABLE_DEBUG_INFO = NO;
				SDKROOT = macosx;
			};
			name = Release;
		};
		DC6013921B948B0D00F2C665 /* Debug */ = {
			isa = XCBuildConfiguration;
			buildSettings = {
				HEADER_SEARCH_PATHS = (
					"$(inherited)",
					/Applications/Xcode.app/Contents/Developer/Toolchains/XcodeDefault.xctoolchain/usr/include,
					/usr/local/include,
					/Users/kingo/workshop/torch/install/include,
				);
				LIBRARY_SEARCH_PATHS = (
					/Users/kingo/workshop/torch/install/lib,
					/usr/local/lib,
				);
				OTHER_LDFLAGS = (
					"-pagezero_size",
					10000,
					"-image_base",
					100000000,
				);
				PRODUCT_NAME = "$(TARGET_NAME)";
			};
			name = Debug;
		};
		DC6013931B948B0D00F2C665 /* Release */ = {
			isa = XCBuildConfiguration;
			buildSettings = {
				HEADER_SEARCH_PATHS = (
					"$(inherited)",
					/Applications/Xcode.app/Contents/Developer/Toolchains/XcodeDefault.xctoolchain/usr/include,
					/usr/local/include,
					/Users/kingo/workshop/torch/install/include,
				);
				LIBRARY_SEARCH_PATHS = (
					/Users/kingo/workshop/torch/install/lib,
					/usr/local/lib,
				);
				OTHER_LDFLAGS = (
					"-pagezero_size",
					10000,
					"-image_base",
					100000000,
				);
				PRODUCT_NAME = "$(TARGET_NAME)";
			};
			name = Release;
		};
/* End XCBuildConfiguration section */

/* Begin XCConfigurationList section */
		DC6013851B948B0D00F2C665 /* Build configuration list for PBXProject "testMacOc" */ = {
			isa = XCConfigurationList;
			buildConfigurations = (
				DC60138F1B948B0D00F2C665 /* Debug */,
				DC6013901B948B0D00F2C665 /* Release */,
			);
			defaultConfigurationIsVisible = 0;
			defaultConfigurationName = Release;
		};
		DC6013911B948B0D00F2C665 /* Build configuration list for PBXNativeTarget "testMacOc" */ = {
			isa = XCConfigurationList;
			buildConfigurations = (
				DC6013921B948B0D00F2C665 /* Debug */,
				DC6013931B948B0D00F2C665 /* Release */,
			);
			defaultConfigurationIsVisible = 0;
			defaultConfigurationName = Release;
		};
/* End XCConfigurationList section */
	};
	rootObject = DC6013821B948B0D00F2C665 /* Project object */;
}
